
Microsoft Visual Studio Solution File, Format Version 12.00
# Visual Studio Version 16
VisualStudioVersion = 16.0.32106.194
MinimumVisualStudioVersion = 10.0.40219.1
Project("{9A19103F-16F7-4668-BE54-9A1E7A4F7556}") = "App_LB2_David", "App_LB2_David\App_LB2_David.csproj", "{3427CCBB-B5D4-433E-82BC-A0E0A0C5FC83}"
EndProject
Global
	GlobalSection(SolutionConfigurationPlatforms) = preSolution
		Debug|Any CPU = Debug|Any CPU
		Release|Any CPU = Release|Any CPU
	EndGlobalSection
	GlobalSection(ProjectConfigurationPlatforms) = postSolution
		{3427CCBB-B5D4-433E-82BC-A0E0A0C5FC83}.Debug|Any CPU.ActiveCfg = Debug|Any CPU
		{3427CCBB-B5D4-433E-82BC-A0E0A0C5FC83}.Debug|Any CPU.Build.0 = Debug|Any CPU
		{3427CCBB-B5D4-433E-82BC-A0E0A0C5FC83}.Debug|Any CPU.Deploy.0 = Debug|Any CPU
		{3427CCBB-B5D4-433E-82BC-A0E0A0C5FC83}.Release|Any CPU.ActiveCfg = Release|Any CPU
		{3427CCBB-B5D4-433E-82BC-A0E0A0C5FC83}.Release|Any CPU.Build.0 = Release|Any CPU
		{3427CCBB-B5D4-433E-82BC-A0E0A0C5FC83}.Release|Any CPU.Deploy.0 = Release|Any CPU
	EndGlobalSection
	GlobalSection(SolutionProperties) = preSolution
		HideSolutionNode = FALSE
	EndGlobalSection
	GlobalSection(ExtensibilityGlobals) = postSolution
		SolutionGuid = {61F7FB11-1E47-470C-91E2-47F8143E1572}
	EndGlobalSection
EndGlobal
